<?xml version="1.0" encoding="utf-8"?>
<Project ToolsVersion="4.0" xmlns="http://schemas.microsoft.com/developer/msbuild/2003">
  <ItemGroup>
    <Filter Include="Headers">
      <UniqueIdentifier>{4d0a9bd7-2834-44da-9159-1e4bdbce07a1}</UniqueIdentifier>
    </Filter>
    <Filter Include="Headers\Data_Structures">
      <UniqueIdentifier>{942b5a5a-8220-4894-aacb-450b823f03df}</UniqueIdentifier>
    </Filter>
    <Filter Include="Headers\Data_Structures\Graph">
      <UniqueIdentifier>{c053b114-c193-4dec-8809-f519c769d2e9}</UniqueIdentifier>
    </Filter>
    <Filter Include="Headers\Data_Structures\Array_Structures">
      <UniqueIdentifier>{af501bec-d2a5-4ebe-906b-0d99c425dde0}</UniqueIdentifier>
    </Filter>
    <Filter Include="Headers\File_IO">
      <UniqueIdentifier>{7fd9a565-5beb-48f3-bbb3-9ae19e0b3098}</UniqueIdentifier>
    </Filter>
    <Filter Include="Headers\Physical_Model">
      <UniqueIdentifier>{74255d48-6d22-4b55-8599-b13ca412dfe7}</UniqueIdentifier>
    </Filter>
  </ItemGroup>
  <ItemGroup>
    <ClInclude Include="Graph.h">
      <Filter>Headers\Data_Structures\Graph</Filter>
    </ClInclude>
    <ClInclude Include="DataStructures.h">
      <Filter>Headers\Data_Structures</Filter>
    </ClInclude>
    <ClInclude Include="File_IO.h">
      <Filter>Headers\File_IO</Filter>
    </ClInclude>
    <ClInclude Include="Physical_Model.h">
      <Filter>Headers\Physical_Model</Filter>
    </ClInclude>
    <ClInclude Include="Ising_Spin_Model.h">
      <Filter>Headers\Physical_Model</Filter>
    </ClInclude>
  </ItemGroup>
  <ItemGroup>
    <CudaCompile Include="Source.cu" />
    <CudaCompile Include="JaggedList.cu">
      <Filter>Headers\Data_Structures\Array_Structures</Filter>
    </CudaCompile>
    <CudaCompile Include="JaggedListShared.cu">
      <Filter>Headers\Data_Structures\Array_Structures</Filter>
    </CudaCompile>
    <CudaCompile Include="Matrix.cu">
      <Filter>Headers\Data_Structures\Array_Structures</Filter>
    </CudaCompile>
    <CudaCompile Include="MatrixShared.cu">
      <Filter>Headers\Data_Structures\Array_Structures</Filter>
    </CudaCompile>
    <CudaCompile Include="Graph.cu">
      <Filter>Headers\Data_Structures\Graph</Filter>
    </CudaCompile>
    <CudaCompile Include="GraphShared.cu">
      <Filter>Headers\Data_Structures\Graph</Filter>
    </CudaCompile>
    <CudaCompile Include="IsingSpinModelBase.cu">
      <Filter>Headers\Physical_Model</Filter>
    </CudaCompile>
    <CudaCompile Include="IsingSpinModel_MetropolisHastings.cu">
      <Filter>Headers\Physical_Model</Filter>
    </CudaCompile>
    <CudaCompile Include="Analysers.cu">
      <Filter>Headers</Filter>
    </CudaCompile>
    <CudaCompile Include="IsingSpinModelSave.cu">
      <Filter>Headers\Physical_Model</Filter>
    </CudaCompile>
    <CudaCompile Include="IsingSpinModel_parallel.cu">
      <Filter>Headers\Physical_Model</Filter>
    </CudaCompile>
  </ItemGroup>
  <ItemGroup>
    <ClCompile Include="Source.cpp" />
    <ClCompile Include="Graph_Parameters.cpp">
      <Filter>Headers\Data_Structures\Graph</Filter>
    </ClCompile>
    <ClCompile Include="Parameters.cpp">
      <Filter>Headers\Data_Structures\Graph</Filter>
    </ClCompile>
    <ClCompile Include="Compression.cpp">
      <Filter>Headers\File_IO</Filter>
    </ClCompile>
  </ItemGroup>
  <ItemGroup>
    <Text Include="parameters.txt" />
  </ItemGroup>
</Project>