<?xml version="1.0" encoding="utf-8"?>
<Project ToolsVersion="4.0" xmlns="http://schemas.microsoft.com/developer/msbuild/2003">
  <ItemGroup>
    <Filter Include="Headers">
      <UniqueIdentifier>{4d0a9bd7-2834-44da-9159-1e4bdbce07a1}</UniqueIdentifier>
    </Filter>
    <Filter Include="Headers\Data_Structures">
      <UniqueIdentifier>{942b5a5a-8220-4894-aacb-450b823f03df}</UniqueIdentifier>
    </Filter>
    <Filter Include="Headers\Data_Structures\Graph">
      <UniqueIdentifier>{c053b114-c193-4dec-8809-f519c769d2e9}</UniqueIdentifier>
    </Filter>
    <Filter Include="Headers\File_IO">
      <UniqueIdentifier>{7fd9a565-5beb-48f3-bbb3-9ae19e0b3098}</UniqueIdentifier>
    </Filter>
    <Filter Include="Headers\Physical_Model">
      <UniqueIdentifier>{74255d48-6d22-4b55-8599-b13ca412dfe7}</UniqueIdentifier>
    </Filter>
    <Filter Include="Headers\Analysis">
      <UniqueIdentifier>{6ef687f6-f6f5-4173-9581-3a54bb339ef7}</UniqueIdentifier>
    </Filter>
    <Filter Include="Headers\Data_Structures\Matrices">
      <UniqueIdentifier>{0e04eef9-b3a1-4d97-b0b9-f80f7da830dd}</UniqueIdentifier>
    </Filter>
    <Filter Include="Headers\Data_Structures\Jagged_Lists">
      <UniqueIdentifier>{4ded8035-f50e-40fe-aae9-ed8f67c55c22}</UniqueIdentifier>
    </Filter>
    <Filter Include="Headers\Data_Structures\Arrays">
      <UniqueIdentifier>{af501bec-d2a5-4ebe-906b-0d99c425dde0}</UniqueIdentifier>
    </Filter>
  </ItemGroup>
  <ItemGroup>
    <ClInclude Include="Graph.h">
      <Filter>Headers\Data_Structures\Graph</Filter>
    </ClInclude>
    <ClInclude Include="File_IO.h">
      <Filter>Headers\File_IO</Filter>
    </ClInclude>
    <ClInclude Include="Physical_Model.h">
      <Filter>Headers\Physical_Model</Filter>
    </ClInclude>
    <ClInclude Include="Ising_Spin_Model.h">
      <Filter>Headers\Physical_Model</Filter>
    </ClInclude>
    <ClInclude Include="Parameters.h">
      <Filter>Headers\Data_Structures\Graph</Filter>
    </ClInclude>
    <ClInclude Include="Graph_File_Header.h">
      <Filter>Headers\Data_Structures\Graph</Filter>
    </ClInclude>
    <ClInclude Include="Compression.h">
      <Filter>Headers\File_IO</Filter>
    </ClInclude>
    <ClInclude Include="CrowdIdentification.h">
      <Filter>Headers\Analysis</Filter>
    </ClInclude>
    <ClInclude Include="Matrix.h">
      <Filter>Headers\Data_Structures\Matrices</Filter>
    </ClInclude>
    <ClInclude Include="JaggedList.h">
      <Filter>Headers\Data_Structures\Jagged_Lists</Filter>
    </ClInclude>
    <ClInclude Include="GraphShared.h">
      <Filter>Headers\Data_Structures\Graph</Filter>
    </ClInclude>
    <ClInclude Include="details.h">
      <Filter>Headers\Data_Structures</Filter>
    </ClInclude>
    <ClInclude Include="Array.h">
      <Filter>Headers\Data_Structures\Arrays</Filter>
    </ClInclude>
    <ClInclude Include="MatrixManager.h">
      <Filter>Headers\Data_Structures\Matrices</Filter>
    </ClInclude>
    <ClInclude Include="JaggedListManaged.h">
      <Filter>Headers\Data_Structures\Jagged_Lists</Filter>
    </ClInclude>
  </ItemGroup>
  <ItemGroup>
    <CudaCompile Include="Source.cu" />
    <CudaCompile Include="Graph.cu">
      <Filter>Headers\Data_Structures\Graph</Filter>
    </CudaCompile>
    <CudaCompile Include="GraphShared.cu">
      <Filter>Headers\Data_Structures\Graph</Filter>
    </CudaCompile>
    <CudaCompile Include="IsingSpinModelBase.cu">
      <Filter>Headers\Physical_Model</Filter>
    </CudaCompile>
    <CudaCompile Include="IsingSpinModel_MetropolisHastings.cu">
      <Filter>Headers\Physical_Model</Filter>
    </CudaCompile>
    <CudaCompile Include="Analysers.cu">
      <Filter>Headers</Filter>
    </CudaCompile>
    <CudaCompile Include="IsingSpinModelSave.cu">
      <Filter>Headers\Physical_Model</Filter>
    </CudaCompile>
    <CudaCompile Include="IsingSpinModel_parallel.cu">
      <Filter>Headers\Physical_Model</Filter>
    </CudaCompile>
    <CudaCompile Include="Matrix.cu">
      <Filter>Headers\Data_Structures\Matrices</Filter>
    </CudaCompile>
    <CudaCompile Include="JaggedList.cu">
      <Filter>Headers\Data_Structures\Jagged_Lists</Filter>
    </CudaCompile>
    <CudaCompile Include="CrowdIdentification.cu">
      <Filter>Headers\Analysis</Filter>
    </CudaCompile>
    <CudaCompile Include="Array.cu">
      <Filter>Headers\Data_Structures\Arrays</Filter>
    </CudaCompile>
    <CudaCompile Include="MatrixManager.cu">
      <Filter>Headers\Data_Structures\Matrices</Filter>
    </CudaCompile>
    <CudaCompile Include="JaggedListManaged.cu">
      <Filter>Headers\Data_Structures\Jagged_Lists</Filter>
    </CudaCompile>
  </ItemGroup>
  <ItemGroup>
    <ClCompile Include="Source.cpp" />
    <ClCompile Include="Parameters.cpp">
      <Filter>Headers\Data_Structures\Graph</Filter>
    </ClCompile>
    <ClCompile Include="Compression.cpp">
      <Filter>Headers\File_IO</Filter>
    </ClCompile>
    <ClCompile Include="Graph_File_Header.cpp">
      <Filter>Headers\Data_Structures\Graph</Filter>
    </ClCompile>
  </ItemGroup>
  <ItemGroup>
    <Text Include="parameters.txt" />
  </ItemGroup>
</Project>